
Microsoft Visual Studio Solution File, Format Version 9.00
# Visual Studio 2005
Project("{FAE04EC0-301F-11D3-BF4B-00C04F79EFBC}") = "Secv.Ng.Manutencao.CadeiaAutorizacao", "Secv.Ng.Manutencao.CadeiaAutorizacao.csproj", "{A6C56C36-0478-4210-95CB-7B6F80E4F37D}"
EndProject
Global
	GlobalSection(SolutionConfigurationPlatforms) = preSolution
		Debug|Any CPU = Debug|Any CPU
		Release|Any CPU = Release|Any CPU
	EndGlobalSection
	GlobalSection(ProjectConfigurationPlatforms) = postSolution
		{A6C56C36-0478-4210-95CB-7B6F80E4F37D}.Debug|Any CPU.ActiveCfg = Debug|Any CPU
		{A6C56C36-0478-4210-95CB-7B6F80E4F37D}.Debug|Any CPU.Build.0 = Debug|Any CPU
		{A6C56C36-0478-4210-95CB-7B6F80E4F37D}.Release|Any CPU.ActiveCfg = Release|Any CPU
		{A6C56C36-0478-4210-95CB-7B6F80E4F37D}.Release|Any CPU.Build.0 = Release|Any CPU
	EndGlobalSection
	GlobalSection(SolutionProperties) = preSolution
		HideSolutionNode = FALSE
	EndGlobalSection
EndGlobal
