
Microsoft Visual Studio Solution File, Format Version 9.00
# Visual Studio 2005
Project("{FAE04EC0-301F-11D3-BF4B-00C04F79EFBC}") = "Secv.RAD", "Secv.RAD.csproj", "{72627C98-1EC7-46D7-BC13-DB9DDA2BF613}"
EndProject
Global
	GlobalSection(SolutionConfigurationPlatforms) = preSolution
		Debug|Any CPU = Debug|Any CPU
		Release|Any CPU = Release|Any CPU
	EndGlobalSection
	GlobalSection(ProjectConfigurationPlatforms) = postSolution
		{72627C98-1EC7-46D7-BC13-DB9DDA2BF613}.Debug|Any CPU.ActiveCfg = Debug|Any CPU
		{72627C98-1EC7-46D7-BC13-DB9DDA2BF613}.Debug|Any CPU.Build.0 = Debug|Any CPU
		{72627C98-1EC7-46D7-BC13-DB9DDA2BF613}.Release|Any CPU.ActiveCfg = Release|Any CPU
		{72627C98-1EC7-46D7-BC13-DB9DDA2BF613}.Release|Any CPU.Build.0 = Release|Any CPU
	EndGlobalSection
	GlobalSection(SolutionProperties) = preSolution
		HideSolutionNode = FALSE
	EndGlobalSection
EndGlobal
