
Microsoft Visual Studio Solution File, Format Version 9.00
# Visual Studio 2005
Project("{E24C65DC-7377-472B-9ABA-BC803B73C61A}") = "http://localhost/Acontep.Net/", "http://localhost/Acontep.Net", "{2652255B-197F-45F5-B357-97569AEC6ED4}"
	ProjectSection(WebsiteProperties) = preProject
		ProjectReferences = "{D7529559-29C8-4623-AC50-75C6E61E6D42}|Secv.Manutencao.dll;{F63BD03D-C693-4912-96F5-6EA11962E6BA}|Secv.dll;"
		Debug.AspNetCompiler.VirtualPath = "/Acontep.Net"
		Debug.AspNetCompiler.PhysicalPath = "Interface\Web\Acontep.Net\"
		Debug.AspNetCompiler.TargetPath = "PrecompiledWeb\Acontep.Net\"
		Debug.AspNetCompiler.Updateable = "true"
		Debug.AspNetCompiler.ForceOverwrite = "true"
		Debug.AspNetCompiler.FixedNames = "false"
		Debug.AspNetCompiler.Debug = "True"
		Release.AspNetCompiler.VirtualPath = "/Acontep.Net"
		Release.AspNetCompiler.PhysicalPath = "Interface\Web\Acontep.Net\"
		Release.AspNetCompiler.TargetPath = "PrecompiledWeb\Acontep.Net\"
		Release.AspNetCompiler.Updateable = "true"
		Release.AspNetCompiler.ForceOverwrite = "true"
		Release.AspNetCompiler.FixedNames = "false"
		Release.AspNetCompiler.Debug = "False"
		SlnRelativePath = "Interface\Web\Acontep.Net\"
	EndProjectSection
EndProject
Project("{FAE04EC0-301F-11D3-BF4B-00C04F79EFBC}") = "Acontep", "Acontep\Acontep.csproj", "{F63BD03D-C693-4912-96F5-6EA11962E6BA}"
	ProjectSection(WebsiteProperties) = preProject
		Debug.AspNetCompiler.Debug = "True"
		Release.AspNetCompiler.Debug = "False"
	EndProjectSection
EndProject
Global
	GlobalSection(SolutionConfigurationPlatforms) = preSolution
		Chico|.NET = Chico|.NET
		Chico|Any CPU = Chico|Any CPU
		Chico|Mixed Platforms = Chico|Mixed Platforms
		Debug|.NET = Debug|.NET
		Debug|Any CPU = Debug|Any CPU
		Debug|Mixed Platforms = Debug|Mixed Platforms
		Francisco|.NET = Francisco|.NET
		Francisco|Any CPU = Francisco|Any CPU
		Francisco|Mixed Platforms = Francisco|Mixed Platforms
		Igor|.NET = Igor|.NET
		Igor|Any CPU = Igor|Any CPU
		Igor|Mixed Platforms = Igor|Mixed Platforms
		Release|.NET = Release|.NET
		Release|Any CPU = Release|Any CPU
		Release|Mixed Platforms = Release|Mixed Platforms
	EndGlobalSection
	GlobalSection(ProjectConfigurationPlatforms) = postSolution
		{2652255B-197F-45F5-B357-97569AEC6ED4}.Chico|.NET.ActiveCfg = Debug|.NET
		{2652255B-197F-45F5-B357-97569AEC6ED4}.Chico|.NET.Build.0 = Debug|.NET
		{2652255B-197F-45F5-B357-97569AEC6ED4}.Chico|Any CPU.ActiveCfg = Debug|.NET
		{2652255B-197F-45F5-B357-97569AEC6ED4}.Chico|Mixed Platforms.ActiveCfg = Debug|.NET
		{2652255B-197F-45F5-B357-97569AEC6ED4}.Chico|Mixed Platforms.Build.0 = Debug|.NET
		{2652255B-197F-45F5-B357-97569AEC6ED4}.Debug|.NET.ActiveCfg = Debug|.NET
		{2652255B-197F-45F5-B357-97569AEC6ED4}.Debug|.NET.Build.0 = Debug|.NET
		{2652255B-197F-45F5-B357-97569AEC6ED4}.Debug|Any CPU.ActiveCfg = Debug|.NET
		{2652255B-197F-45F5-B357-97569AEC6ED4}.Debug|Mixed Platforms.ActiveCfg = Debug|.NET
		{2652255B-197F-45F5-B357-97569AEC6ED4}.Debug|Mixed Platforms.Build.0 = Debug|.NET
		{2652255B-197F-45F5-B357-97569AEC6ED4}.Francisco|.NET.ActiveCfg = Debug|.NET
		{2652255B-197F-45F5-B357-97569AEC6ED4}.Francisco|.NET.Build.0 = Debug|.NET
		{2652255B-197F-45F5-B357-97569AEC6ED4}.Francisco|Any CPU.ActiveCfg = Debug|.NET
		{2652255B-197F-45F5-B357-97569AEC6ED4}.Francisco|Mixed Platforms.ActiveCfg = Debug|.NET
		{2652255B-197F-45F5-B357-97569AEC6ED4}.Francisco|Mixed Platforms.Build.0 = Debug|.NET
		{2652255B-197F-45F5-B357-97569AEC6ED4}.Igor|.NET.ActiveCfg = Debug|.NET
		{2652255B-197F-45F5-B357-97569AEC6ED4}.Igor|.NET.Build.0 = Debug|.NET
		{2652255B-197F-45F5-B357-97569AEC6ED4}.Igor|Any CPU.ActiveCfg = Debug|.NET
		{2652255B-197F-45F5-B357-97569AEC6ED4}.Igor|Mixed Platforms.ActiveCfg = Debug|.NET
		{2652255B-197F-45F5-B357-97569AEC6ED4}.Igor|Mixed Platforms.Build.0 = Debug|.NET
		{2652255B-197F-45F5-B357-97569AEC6ED4}.Release|.NET.ActiveCfg = Debug|.NET
		{2652255B-197F-45F5-B357-97569AEC6ED4}.Release|.NET.Build.0 = Debug|.NET
		{2652255B-197F-45F5-B357-97569AEC6ED4}.Release|Any CPU.ActiveCfg = Debug|.NET
		{2652255B-197F-45F5-B357-97569AEC6ED4}.Release|Mixed Platforms.ActiveCfg = Debug|.NET
		{2652255B-197F-45F5-B357-97569AEC6ED4}.Release|Mixed Platforms.Build.0 = Debug|.NET
		{F63BD03D-C693-4912-96F5-6EA11962E6BA}.Chico|.NET.ActiveCfg = Igor|Any CPU
		{F63BD03D-C693-4912-96F5-6EA11962E6BA}.Chico|Any CPU.ActiveCfg = Igor|Any CPU
		{F63BD03D-C693-4912-96F5-6EA11962E6BA}.Chico|Any CPU.Build.0 = Igor|Any CPU
		{F63BD03D-C693-4912-96F5-6EA11962E6BA}.Chico|Mixed Platforms.ActiveCfg = Igor|Any CPU
		{F63BD03D-C693-4912-96F5-6EA11962E6BA}.Chico|Mixed Platforms.Build.0 = Igor|Any CPU
		{F63BD03D-C693-4912-96F5-6EA11962E6BA}.Debug|.NET.ActiveCfg = Debug|Any CPU
		{F63BD03D-C693-4912-96F5-6EA11962E6BA}.Debug|Any CPU.ActiveCfg = Debug|Any CPU
		{F63BD03D-C693-4912-96F5-6EA11962E6BA}.Debug|Any CPU.Build.0 = Debug|Any CPU
		{F63BD03D-C693-4912-96F5-6EA11962E6BA}.Debug|Mixed Platforms.ActiveCfg = Debug|Any CPU
		{F63BD03D-C693-4912-96F5-6EA11962E6BA}.Debug|Mixed Platforms.Build.0 = Debug|Any CPU
		{F63BD03D-C693-4912-96F5-6EA11962E6BA}.Francisco|.NET.ActiveCfg = Igor|Any CPU
		{F63BD03D-C693-4912-96F5-6EA11962E6BA}.Francisco|Any CPU.ActiveCfg = Igor|Any CPU
		{F63BD03D-C693-4912-96F5-6EA11962E6BA}.Francisco|Any CPU.Build.0 = Igor|Any CPU
		{F63BD03D-C693-4912-96F5-6EA11962E6BA}.Francisco|Mixed Platforms.ActiveCfg = Igor|Any CPU
		{F63BD03D-C693-4912-96F5-6EA11962E6BA}.Francisco|Mixed Platforms.Build.0 = Igor|Any CPU
		{F63BD03D-C693-4912-96F5-6EA11962E6BA}.Igor|.NET.ActiveCfg = Igor|Any CPU
		{F63BD03D-C693-4912-96F5-6EA11962E6BA}.Igor|Any CPU.ActiveCfg = Igor|Any CPU
		{F63BD03D-C693-4912-96F5-6EA11962E6BA}.Igor|Any CPU.Build.0 = Igor|Any CPU
		{F63BD03D-C693-4912-96F5-6EA11962E6BA}.Igor|Mixed Platforms.ActiveCfg = Igor|Any CPU
		{F63BD03D-C693-4912-96F5-6EA11962E6BA}.Igor|Mixed Platforms.Build.0 = Igor|Any CPU
		{F63BD03D-C693-4912-96F5-6EA11962E6BA}.Release|.NET.ActiveCfg = Release|Any CPU
		{F63BD03D-C693-4912-96F5-6EA11962E6BA}.Release|Any CPU.ActiveCfg = Release|Any CPU
		{F63BD03D-C693-4912-96F5-6EA11962E6BA}.Release|Any CPU.Build.0 = Release|Any CPU
		{F63BD03D-C693-4912-96F5-6EA11962E6BA}.Release|Mixed Platforms.ActiveCfg = Release|Any CPU
		{F63BD03D-C693-4912-96F5-6EA11962E6BA}.Release|Mixed Platforms.Build.0 = Release|Any CPU
	EndGlobalSection
	GlobalSection(SolutionProperties) = preSolution
		HideSolutionNode = FALSE
	EndGlobalSection
EndGlobal
