
Microsoft Visual Studio Solution File, Format Version 9.00
# Visual Studio 2005
Project("{FAE04EC0-301F-11D3-BF4B-00C04F79EFBC}") = "Deployment", "Deployment.csproj", "{6DA89882-2170-46A2-8B6A-0C4793F6ECC5}"
EndProject
Global
	GlobalSection(SolutionConfigurationPlatforms) = preSolution
		Chico|Any CPU = Chico|Any CPU
		Debug|Any CPU = Debug|Any CPU
		Francisco|Any CPU = Francisco|Any CPU
		Release|Any CPU = Release|Any CPU
	EndGlobalSection
	GlobalSection(ProjectConfigurationPlatforms) = postSolution
		{6DA89882-2170-46A2-8B6A-0C4793F6ECC5}.Chico|Any CPU.ActiveCfg = Release|Any CPU
		{6DA89882-2170-46A2-8B6A-0C4793F6ECC5}.Chico|Any CPU.Build.0 = Release|Any CPU
		{6DA89882-2170-46A2-8B6A-0C4793F6ECC5}.Debug|Any CPU.ActiveCfg = Debug|Any CPU
		{6DA89882-2170-46A2-8B6A-0C4793F6ECC5}.Debug|Any CPU.Build.0 = Debug|Any CPU
		{6DA89882-2170-46A2-8B6A-0C4793F6ECC5}.Francisco|Any CPU.ActiveCfg = Release|Any CPU
		{6DA89882-2170-46A2-8B6A-0C4793F6ECC5}.Francisco|Any CPU.Build.0 = Release|Any CPU
		{6DA89882-2170-46A2-8B6A-0C4793F6ECC5}.Release|Any CPU.ActiveCfg = Release|Any CPU
		{6DA89882-2170-46A2-8B6A-0C4793F6ECC5}.Release|Any CPU.Build.0 = Release|Any CPU
	EndGlobalSection
	GlobalSection(SolutionProperties) = preSolution
		HideSolutionNode = FALSE
	EndGlobalSection
EndGlobal
